
Microsoft Visual Studio Solution File, Format Version 12.00
# Visual Studio 15
VisualStudioVersion = 15.0.28010.2046
MinimumVisualStudioVersion = 10.0.40219.1
Project("{FAE04EC0-301F-11D3-BF4B-00C04F79EFBC}") = "TestMusicBrainzConsole", "TestMusicBrainzConsole\TestMusicBrainzConsole.csproj", "{0E40889F-9605-43B5-8A5F-5B78517531D0}"
EndProject
Project("{FAE04EC0-301F-11D3-BF4B-00C04F79EFBC}") = "MusicBrainzServiceAgent", "MusicBrainzServiceAgent\MusicBrainzServiceAgent.csproj", "{C0565A38-54ED-4318-A495-D1B2CF268FE5}"
EndProject
Project("{FAE04EC0-301F-11D3-BF4B-00C04F79EFBC}") = "TopMusicMVC", "TopMusicMVC\TopMusicMVC.csproj", "{3D70D370-801B-4B3A-9072-E200F6187970}"
EndProject
Global
	GlobalSection(SolutionConfigurationPlatforms) = preSolution
		Debug|Any CPU = Debug|Any CPU
		Release|Any CPU = Release|Any CPU
	EndGlobalSection
	GlobalSection(ProjectConfigurationPlatforms) = postSolution
		{0E40889F-9605-43B5-8A5F-5B78517531D0}.Debug|Any CPU.ActiveCfg = Debug|Any CPU
		{0E40889F-9605-43B5-8A5F-5B78517531D0}.Debug|Any CPU.Build.0 = Debug|Any CPU
		{0E40889F-9605-43B5-8A5F-5B78517531D0}.Release|Any CPU.ActiveCfg = Release|Any CPU
		{0E40889F-9605-43B5-8A5F-5B78517531D0}.Release|Any CPU.Build.0 = Release|Any CPU
		{C0565A38-54ED-4318-A495-D1B2CF268FE5}.Debug|Any CPU.ActiveCfg = Debug|Any CPU
		{C0565A38-54ED-4318-A495-D1B2CF268FE5}.Debug|Any CPU.Build.0 = Debug|Any CPU
		{C0565A38-54ED-4318-A495-D1B2CF268FE5}.Release|Any CPU.ActiveCfg = Release|Any CPU
		{C0565A38-54ED-4318-A495-D1B2CF268FE5}.Release|Any CPU.Build.0 = Release|Any CPU
		{3D70D370-801B-4B3A-9072-E200F6187970}.Debug|Any CPU.ActiveCfg = Debug|Any CPU
		{3D70D370-801B-4B3A-9072-E200F6187970}.Debug|Any CPU.Build.0 = Debug|Any CPU
		{3D70D370-801B-4B3A-9072-E200F6187970}.Release|Any CPU.ActiveCfg = Release|Any CPU
		{3D70D370-801B-4B3A-9072-E200F6187970}.Release|Any CPU.Build.0 = Release|Any CPU
	EndGlobalSection
	GlobalSection(SolutionProperties) = preSolution
		HideSolutionNode = FALSE
	EndGlobalSection
	GlobalSection(ExtensibilityGlobals) = postSolution
		SolutionGuid = {8A0A044D-46F7-4CCB-B504-1E5F42EE3B34}
	EndGlobalSection
EndGlobal
