
Microsoft Visual Studio Solution File, Format Version 12.00
# Visual Studio 15
VisualStudioVersion = 15.0.28010.2046
MinimumVisualStudioVersion = 10.0.40219.1
Project("{FAE04EC0-301F-11D3-BF4B-00C04F79EFBC}") = "TestMusicBrainzConsole", "TestMusicBrainzConsole\TestMusicBrainzConsole.csproj", "{0E40889F-9605-43B5-8A5F-5B78517531D0}"
EndProject
Project("{FAE04EC0-301F-11D3-BF4B-00C04F79EFBC}") = "MusicBrainzServiceAgent", "MusicBrainzServiceAgent\MusicBrainzServiceAgent.csproj", "{C0565A38-54ED-4318-A495-D1B2CF268FE5}"
EndProject
Project("{2150E333-8FDC-42A3-9474-1A3956D46DE8}") = "MusicBrainz", "MusicBrainz", "{8DCECA69-EDAD-4FF7-A3E7-E0E9DC59E5A8}"
EndProject
Project("{2150E333-8FDC-42A3-9474-1A3956D46DE8}") = "DataAccessLayer", "DataAccessLayer", "{5991BF5A-9435-4B36-90DA-18DDE29F8723}"
EndProject
Project("{FAE04EC0-301F-11D3-BF4B-00C04F79EFBC}") = "DAL.Model", "DAL.Model\DAL.Model.csproj", "{EB6C4650-3DE5-4235-9A70-1938B998E7F4}"
EndProject
Project("{FAE04EC0-301F-11D3-BF4B-00C04F79EFBC}") = "TestDALConsole", "TestDALConsole\TestDALConsole.csproj", "{46078BEB-D2DD-4DD7-B686-F6B5780A201C}"
EndProject
Project("{FAE04EC0-301F-11D3-BF4B-00C04F79EFBC}") = "TopMusicMVC", "TopMusicMVC\TopMusicMVC.csproj", "{3D70D370-801B-4B3A-9072-E200F6187970}"
EndProject
Project("{2150E333-8FDC-42A3-9474-1A3956D46DE8}") = "Domain", "Domain", "{2C194D31-DB5D-4393-BC77-B0D672D56262}"
EndProject
Project("{2150E333-8FDC-42A3-9474-1A3956D46DE8}") = "Application", "Application", "{E7CFEC80-663F-41FB-8F96-9E44E7F9E377}"
EndProject
Project("{2150E333-8FDC-42A3-9474-1A3956D46DE8}") = "Infrastructure", "Infrastructure", "{337A03C2-F34B-4720-B70E-64C52423423F}"
EndProject
Project("{FAE04EC0-301F-11D3-BF4B-00C04F79EFBC}") = "Domain.Entities", "Domain.Entities\Domain.Entities.csproj", "{976CB418-BF02-45DB-842D-D039A07F0F9E}"
EndProject
Project("{FAE04EC0-301F-11D3-BF4B-00C04F79EFBC}") = "Domain.Services", "Domain.Services\Domain.Services.csproj", "{55CEF3BB-A4AF-4A30-9F61-1F892707B6B6}"
EndProject
Project("{FAE04EC0-301F-11D3-BF4B-00C04F79EFBC}") = "Application.Services", "Application.Services\Application.Services.csproj", "{B713A60E-BB99-41E3-A4C2-0DCBA444476A}"
EndProject
Project("{FAE04EC0-301F-11D3-BF4B-00C04F79EFBC}") = "Application.ViewModels", "Application.ViewModels\Application.ViewModels.csproj", "{F90FAF83-E085-4894-87E1-3433DE4FD277}"
EndProject
Project("{2150E333-8FDC-42A3-9474-1A3956D46DE8}") = "Common", "Common", "{FABDB0FD-E776-4B86-8E65-D9ED8830A406}"
EndProject
Project("{FAE04EC0-301F-11D3-BF4B-00C04F79EFBC}") = "Common", "Common.Entities\Common.csproj", "{B4D280C8-C532-490E-AD5D-7D8CD6591812}"
EndProject
Project("{FAE04EC0-301F-11D3-BF4B-00C04F79EFBC}") = "TopMusicMVCAuth", "TopMusicMVCAuth\TopMusicMVCAuth.csproj", "{AF08C04F-730A-40E6-B93D-CA2E0F177675}"
EndProject
Global
	GlobalSection(SolutionConfigurationPlatforms) = preSolution
		Debug|Any CPU = Debug|Any CPU
		Release|Any CPU = Release|Any CPU
	EndGlobalSection
	GlobalSection(ProjectConfigurationPlatforms) = postSolution
		{0E40889F-9605-43B5-8A5F-5B78517531D0}.Debug|Any CPU.ActiveCfg = Debug|Any CPU
		{0E40889F-9605-43B5-8A5F-5B78517531D0}.Debug|Any CPU.Build.0 = Debug|Any CPU
		{0E40889F-9605-43B5-8A5F-5B78517531D0}.Release|Any CPU.ActiveCfg = Release|Any CPU
		{0E40889F-9605-43B5-8A5F-5B78517531D0}.Release|Any CPU.Build.0 = Release|Any CPU
		{C0565A38-54ED-4318-A495-D1B2CF268FE5}.Debug|Any CPU.ActiveCfg = Debug|Any CPU
		{C0565A38-54ED-4318-A495-D1B2CF268FE5}.Debug|Any CPU.Build.0 = Debug|Any CPU
		{C0565A38-54ED-4318-A495-D1B2CF268FE5}.Release|Any CPU.ActiveCfg = Release|Any CPU
		{C0565A38-54ED-4318-A495-D1B2CF268FE5}.Release|Any CPU.Build.0 = Release|Any CPU
		{EB6C4650-3DE5-4235-9A70-1938B998E7F4}.Debug|Any CPU.ActiveCfg = Debug|Any CPU
		{EB6C4650-3DE5-4235-9A70-1938B998E7F4}.Debug|Any CPU.Build.0 = Debug|Any CPU
		{EB6C4650-3DE5-4235-9A70-1938B998E7F4}.Release|Any CPU.ActiveCfg = Release|Any CPU
		{EB6C4650-3DE5-4235-9A70-1938B998E7F4}.Release|Any CPU.Build.0 = Release|Any CPU
		{46078BEB-D2DD-4DD7-B686-F6B5780A201C}.Debug|Any CPU.ActiveCfg = Debug|Any CPU
		{46078BEB-D2DD-4DD7-B686-F6B5780A201C}.Debug|Any CPU.Build.0 = Debug|Any CPU
		{46078BEB-D2DD-4DD7-B686-F6B5780A201C}.Release|Any CPU.ActiveCfg = Release|Any CPU
		{46078BEB-D2DD-4DD7-B686-F6B5780A201C}.Release|Any CPU.Build.0 = Release|Any CPU
		{3D70D370-801B-4B3A-9072-E200F6187970}.Debug|Any CPU.ActiveCfg = Debug|Any CPU
		{3D70D370-801B-4B3A-9072-E200F6187970}.Debug|Any CPU.Build.0 = Debug|Any CPU
		{3D70D370-801B-4B3A-9072-E200F6187970}.Release|Any CPU.ActiveCfg = Release|Any CPU
		{3D70D370-801B-4B3A-9072-E200F6187970}.Release|Any CPU.Build.0 = Release|Any CPU
		{976CB418-BF02-45DB-842D-D039A07F0F9E}.Debug|Any CPU.ActiveCfg = Debug|Any CPU
		{976CB418-BF02-45DB-842D-D039A07F0F9E}.Debug|Any CPU.Build.0 = Debug|Any CPU
		{976CB418-BF02-45DB-842D-D039A07F0F9E}.Release|Any CPU.ActiveCfg = Release|Any CPU
		{976CB418-BF02-45DB-842D-D039A07F0F9E}.Release|Any CPU.Build.0 = Release|Any CPU
		{55CEF3BB-A4AF-4A30-9F61-1F892707B6B6}.Debug|Any CPU.ActiveCfg = Debug|Any CPU
		{55CEF3BB-A4AF-4A30-9F61-1F892707B6B6}.Debug|Any CPU.Build.0 = Debug|Any CPU
		{55CEF3BB-A4AF-4A30-9F61-1F892707B6B6}.Release|Any CPU.ActiveCfg = Release|Any CPU
		{55CEF3BB-A4AF-4A30-9F61-1F892707B6B6}.Release|Any CPU.Build.0 = Release|Any CPU
		{B713A60E-BB99-41E3-A4C2-0DCBA444476A}.Debug|Any CPU.ActiveCfg = Debug|Any CPU
		{B713A60E-BB99-41E3-A4C2-0DCBA444476A}.Debug|Any CPU.Build.0 = Debug|Any CPU
		{B713A60E-BB99-41E3-A4C2-0DCBA444476A}.Release|Any CPU.ActiveCfg = Release|Any CPU
		{B713A60E-BB99-41E3-A4C2-0DCBA444476A}.Release|Any CPU.Build.0 = Release|Any CPU
		{F90FAF83-E085-4894-87E1-3433DE4FD277}.Debug|Any CPU.ActiveCfg = Debug|Any CPU
		{F90FAF83-E085-4894-87E1-3433DE4FD277}.Debug|Any CPU.Build.0 = Debug|Any CPU
		{F90FAF83-E085-4894-87E1-3433DE4FD277}.Release|Any CPU.ActiveCfg = Release|Any CPU
		{F90FAF83-E085-4894-87E1-3433DE4FD277}.Release|Any CPU.Build.0 = Release|Any CPU
		{B4D280C8-C532-490E-AD5D-7D8CD6591812}.Debug|Any CPU.ActiveCfg = Debug|Any CPU
		{B4D280C8-C532-490E-AD5D-7D8CD6591812}.Debug|Any CPU.Build.0 = Debug|Any CPU
		{B4D280C8-C532-490E-AD5D-7D8CD6591812}.Release|Any CPU.ActiveCfg = Release|Any CPU
		{B4D280C8-C532-490E-AD5D-7D8CD6591812}.Release|Any CPU.Build.0 = Release|Any CPU
		{AF08C04F-730A-40E6-B93D-CA2E0F177675}.Debug|Any CPU.ActiveCfg = Debug|Any CPU
		{AF08C04F-730A-40E6-B93D-CA2E0F177675}.Debug|Any CPU.Build.0 = Debug|Any CPU
		{AF08C04F-730A-40E6-B93D-CA2E0F177675}.Release|Any CPU.ActiveCfg = Release|Any CPU
		{AF08C04F-730A-40E6-B93D-CA2E0F177675}.Release|Any CPU.Build.0 = Release|Any CPU
	EndGlobalSection
	GlobalSection(SolutionProperties) = preSolution
		HideSolutionNode = FALSE
	EndGlobalSection
	GlobalSection(NestedProjects) = preSolution
		{0E40889F-9605-43B5-8A5F-5B78517531D0} = {8DCECA69-EDAD-4FF7-A3E7-E0E9DC59E5A8}
		{C0565A38-54ED-4318-A495-D1B2CF268FE5} = {8DCECA69-EDAD-4FF7-A3E7-E0E9DC59E5A8}
		{8DCECA69-EDAD-4FF7-A3E7-E0E9DC59E5A8} = {337A03C2-F34B-4720-B70E-64C52423423F}
		{5991BF5A-9435-4B36-90DA-18DDE29F8723} = {337A03C2-F34B-4720-B70E-64C52423423F}
		{EB6C4650-3DE5-4235-9A70-1938B998E7F4} = {5991BF5A-9435-4B36-90DA-18DDE29F8723}
		{46078BEB-D2DD-4DD7-B686-F6B5780A201C} = {5991BF5A-9435-4B36-90DA-18DDE29F8723}
		{976CB418-BF02-45DB-842D-D039A07F0F9E} = {2C194D31-DB5D-4393-BC77-B0D672D56262}
		{55CEF3BB-A4AF-4A30-9F61-1F892707B6B6} = {2C194D31-DB5D-4393-BC77-B0D672D56262}
		{B713A60E-BB99-41E3-A4C2-0DCBA444476A} = {E7CFEC80-663F-41FB-8F96-9E44E7F9E377}
		{F90FAF83-E085-4894-87E1-3433DE4FD277} = {E7CFEC80-663F-41FB-8F96-9E44E7F9E377}
		{B4D280C8-C532-490E-AD5D-7D8CD6591812} = {FABDB0FD-E776-4B86-8E65-D9ED8830A406}
	EndGlobalSection
	GlobalSection(ExtensibilityGlobals) = postSolution
		SolutionGuid = {8A0A044D-46F7-4CCB-B504-1E5F42EE3B34}
	EndGlobalSection
EndGlobal
